
Microsoft Visual Studio Solution File, Format Version 12.00
# Visual Studio Version 16
VisualStudioVersion = 16.0.29001.49
MinimumVisualStudioVersion = 10.0.40219.1
Project("{FAE04EC0-301F-11D3-BF4B-00C04F79EFBC}") = "bakconversion", "bakconversion\bakconversion.csproj", "{35F60630-56BF-418C-8521-A365B2A7AA93}"
EndProject
Global
	GlobalSection(SolutionConfigurationPlatforms) = preSolution
		Debug|Any CPU = Debug|Any CPU
		Release|Any CPU = Release|Any CPU
	EndGlobalSection
	GlobalSection(ProjectConfigurationPlatforms) = postSolution
		{35F60630-56BF-418C-8521-A365B2A7AA93}.Debug|Any CPU.ActiveCfg = Debug|Any CPU
		{35F60630-56BF-418C-8521-A365B2A7AA93}.Debug|Any CPU.Build.0 = Debug|Any CPU
		{35F60630-56BF-418C-8521-A365B2A7AA93}.Release|Any CPU.ActiveCfg = Release|Any CPU
		{35F60630-56BF-418C-8521-A365B2A7AA93}.Release|Any CPU.Build.0 = Release|Any CPU
	EndGlobalSection
	GlobalSection(SolutionProperties) = preSolution
		HideSolutionNode = FALSE
	EndGlobalSection
	GlobalSection(ExtensibilityGlobals) = postSolution
		SolutionGuid = {3390F8DF-0596-4803-99EE-821357E0CDD8}
	EndGlobalSection
EndGlobal
